# This file was autogenerated by uv via the following command:
#    uv export --frozen --group worker --no-dev --no-emit-project --format requirements-txt --output-file requirements-worker.lock
aiosqlite==0.22.1 \
    --hash=sha256:043e0bd78d32888c0a9ca90fc788b38796843360c855a7262a532813133a0650 \
    --hash=sha256:21c002eb13823fad740196c5a2e9d8e62f6243bd9e7e4a1f87fb5e44ecb4fceb
    # via langgraph-checkpoint-sqlite
annotated-doc==0.0.5 \
    --hash=sha256:117bac03a25ede5df5440e855b32d556049ca169ead221505badf432fed4b101 \
    --hash=sha256:c7e58ce09192557605d8bbd92836d7e1d520ac9580096042c0bfd197efacf1bb
    # via fastapi
annotated-types==0.8.0 \
    --hash=sha256:13b2beaad985e05e2d6407ee4c4f35590b11f8d693a258a561055cac8f64cab7 \
    --hash=sha256:f072f4d804ea359e4eaf198b1af7a8b0943881a87f31bb764f8bf219bb9419e0
    # via pydantic
anyio==4.15.1 \
    --hash=sha256:6152fdbbf9a77fdec97731721bebf7c4c44f7c29b424b0065826173efc7ed101 \
    --hash=sha256:9f28306018cbd6d329e64a36d58256edff76dd996fe423bc957326e578b82a94
    # via
    #   httpx
    #   httpx2
    #   langsmith
    #   starlette
certifi==2026.7.22 \
    --hash=sha256:62f22742b58a1a33014a2b6b706588a8d7e2a88ae7bd1a6ebe8c992928483775 \
    --hash=sha256:741e2c3b351ddf169a738da9f2c048608ff7f2c5cc02f1ebc6b118bb090d5d55
    # via
    #   httpcore
    #   httpx
    #   requests
charset-normalizer==3.5.1 \
    --hash=sha256:0d929fc574b4d6fd9e7c0f5c2ede8716a41911923aa7fa5fce38e0818aa4a1ac \
    --hash=sha256:1d1c7a53a6c2103925cdd6d7229f8c567379f211c869793df679f2e9f738c369 \
    --hash=sha256:2f293479cce755c75f1697e87c409b7ae4c555c7dfecb6e988ad13abba943031 \
    --hash=sha256:343fb4f2821043bd87095f7b08a1a181febc8e36ac64212143bbfd0a0e1bc235 \
    --hash=sha256:3588e376b3ea2eea84976f67273d679f229e24c66dce7b82ae45aef04ff6e072 \
    --hash=sha256:35fe081843b35aad20ffeccec3eeffbe637b15d14f3fb22cc1b59cd8ec17e93c \
    --hash=sha256:36047af20e17097c3bb9476c2b7655f2f7aa51322c0ba58c07695bedf755a950 \
    --hash=sha256:3617ac3cfd8b9888f145ad89dd6e692285834b0201c6074a5eeaad3fd4d668c2 \
    --hash=sha256:394fea06235c8543390050ed5f529187074b029fb027213f6c46ac11ab5d950e \
    --hash=sha256:41876ee62a3dddf48ff1121ad8f0798032aa03f2fd35f21f34a4cab14f18d8d2 \
    --hash=sha256:4582c27e8c889d64811987b5967fbd3ae0c823fe1fd933b543d55ac20bb475fa \
    --hash=sha256:485a0d363cafefcd2538a73c7c838daa2035f09b2c9f9b5e3133f80c6aeb84c2 \
    --hash=sha256:4abdc5f9ad448c1ecbfae2974b820535d6bc6e7eef63babbab3d81cf46968c71 \
    --hash=sha256:4b599739b93b2cbeded49645ae3c8d1405c29ddfbceac1545c87a3f9580a9e96 \
    --hash=sha256:4c4fb141a727957c93edfe5c32a26ceb6b5f6461d67146e2d39f51e16170bea8 \
    --hash=sha256:4f298bdadb8f0b9e5672877f647d1be9373ef5320c9e2f049795e26cad28b6a9 \
    --hash=sha256:5b6d1386bf0096d26d3a863dc0a487a5b4eb9aa93cf5ba69683d29dde6b9d60f \
    --hash=sha256:5c0ea61a470e070686aa30892fed79e297d2c8d0ab46b8bcdf027d38c51da591 \
    --hash=sha256:5d8531a6569d025f68e2321e7638fb7978f23db58e5f69f56913837aae03816e \
    --hash=sha256:6117b84ea48435e5356dc737f5121485c30920ba43375fa7b434fd753df0eac3 \
    --hash=sha256:62b55f6722735a6c472f88361cde6640608773d9443cebdbb51abf436a1fcdd3 \
    --hash=sha256:6df0ec430f9a831772c23ca5a224cba36517a58a84bb32c32bb59a9fa67c47f6 \
    --hash=sha256:70055ff39b97c99e7ae40ea3e393fb62aa2e44dbd9b29f8d14f42fb0025c3959 \
    --hash=sha256:7235dc28fc6dd9d832ac7c7bce95367dedb85929f17368a0c2bee1e080b9acbf \
    --hash=sha256:7c0c10730342b0c9b35dd1d619beb8214e520bd96a1f870f452680b238aab3e0 \
    --hash=sha256:87e4f41d375c0b9be2fb5251aee4b8a689169e134535aed81bf085c3b647451e \
    --hash=sha256:88ca277405c2d3b71c4e1c2ee0e7966e807bcba86a69d11e19ba199d18ae4491 \
    --hash=sha256:88e85ab89cb822c1e635f51d6d32e488f94e002e70e2f492bdb8b945543f345a \
    --hash=sha256:90b7481fb62fbe172c558bc6fd1c4c98d82004a54a7551f20e11ac9bf0b8708c \
    --hash=sha256:9362dd90aa7dab48c0054a21187791ccf05473f7dba5d92b8033ae62164675e7 \
    --hash=sha256:94d78ecec2605a8d0398b0f365d5f12a63248438516f5dac536a5eff7337df4a \
    --hash=sha256:96fef3e886d6a9874b14f27fc193fbdc69d5d8035783d86aa4e1cea594e695f9 \
    --hash=sha256:977cdbd483a9cff38179bea4fd754289a6f2195c7abd414aba85410b3e66cc5e \
    --hash=sha256:9d9a0dc7cbe9bec24c3f767c9122c41fe5a1bc43f47cd099d00d393e09769de4 \
    --hash=sha256:a2028475ba855475b8b4d3cfeb4994269c967aea8b9892dfba907f4263a863a3 \
    --hash=sha256:a6dac12ff6b846103483683f60c5f8fee205121adc58ffd87e90a90a3af69e99 \
    --hash=sha256:aae2ee51122d3ae968a3837d97dc24a0aeebb0dea23694422cd172bd30017cd6 \
    --hash=sha256:ae4a097991662cd4fff0ddc74e0fe7874f82e00042fa0ea00855645ed0c79598 \
    --hash=sha256:aea996a6aba25260827c9ea511d1addfde2da9eb686ac961838509086188b7e6 \
    --hash=sha256:b39b69b347e5e47a3b5b8cfc005c68c1ba347474e3960236c4944a8ecd174962 \
    --hash=sha256:b9af956078716df40d985fb0dfeb2c2120c5ca92ba4ff4b388acfd01cdc14d08 \
    --hash=sha256:ba501e667c17d8411f98e67a022d9604ef179aff0e459b7e292c796837c13573 \
    --hash=sha256:c71fb0d56c920c269cd3e2e3fe7c610e3f1fdb21a6ce60efa6430ff63676cea6 \
    --hash=sha256:cee5dd7c6fb5dd52a0fe2a740f9bc6e3593f5f8b1788bde49de02086f30182b2 \
    --hash=sha256:cfa1c0cc3a8f9f53f1243a5a99ac36fd003880199383b37672e86ddda9cb07e2 \
    --hash=sha256:d59b75732e9b6f27388e10c14b0259cc5f2e48c78627d185e6a177b58ad3cffe \
    --hash=sha256:d63600d620ad0064c3a748b950ac5ea38a80190e5498532efefa4b7b3f1da1f3 \
    --hash=sha256:dd732602a7009217f658d5863d12d79d373a4de0eebc111094bcdd3bb8e0a6cc \
    --hash=sha256:e199fb99720074809a7720f1c0b4d919eea8b87e88713e0f8f602f7bef543d9d \
    --hash=sha256:e6621fb2a4988d6e53eedc455e5903e2679f3967b8acb3d639f1b63c14a2e893 \
    --hash=sha256:e90251c0c7bdd54a100a0dce3c07b7e637278c93af29dbf78ebb89a58c4bac7d \
    --hash=sha256:f9f8405c2c758532c74fed975dbee57be1f31a6e865c031870c79a6ed3212ada \
    --hash=sha256:fa48b1b63d639f9483e0633e092f5851e2348c352f1f9bb6c8182f87884ef876 \
    --hash=sha256:fd0350afdc3aabd5576f60ea109228bd5538139713c7b094c5cd27c73a98bc6f \
    --hash=sha256:fd0a274c0e5f9a21565cd9d3dd749b61f96b7aa1e20a93aa1ba4029518f2e5c0
    # via requests
click==8.5.0 \
    --hash=sha256:255bc9599cf7748b4b1a446ccc735421bd08a2ae529a8b88597d3de5664ee360 \
    --hash=sha256:ba0d2089de75ea0310e2dde03160e6ca10009947fb95a182f9b54021bb272e34
    # via uvicorn
defusedxml==0.7.1 \
    --hash=sha256:1bb3032db185915b62d7c6209c5a8792be6a32ab2fedacc84e01b52c51aa3e69 \
    --hash=sha256:a352e7e428770286cc899e2542b6cdaedb2b4953ff269a210103ec58f6198a61
    # via
    #   dissect-hypervisor
    #   dissect-target
dissect-cstruct==4.7 \
    --hash=sha256:0427621ce67baa3106df2dc63a320d0a7f5c2da88ba3faf2ef5886a1a6b458fd \
    --hash=sha256:4bf821a381312b9b2fdefea307f7e33548158d39d7d154f1b3007472c51a1fc4
    # via
    #   dissect-database
    #   dissect-eventlog
    #   dissect-evidence
    #   dissect-extfs
    #   dissect-hypervisor
    #   dissect-ntfs
    #   dissect-regf
    #   dissect-target
    #   dissect-volume
    #   dissect-xfs
dissect-database==1.1 \
    --hash=sha256:67307a232c978fd9ea854e92b1c6f645f3be235270d6962342c632374a77af33 \
    --hash=sha256:7325c52229c4e3413ccbcb2c602c9a53344c742a07e290bbf170240ac6d7c6c9
    # via dissect-target
dissect-eventlog==3.11 \
    --hash=sha256:1a03f05748831e72981c5c456a9e8f6ad1a69544dc0b16359dd1d2a0de994b02 \
    --hash=sha256:2077da82d1b4f73642c06692cde436884419f6a7614accfb7d783602e57aad24
    # via dissect-target
dissect-evidence==3.13 \
    --hash=sha256:33a24a32b385610dbd0d635428c6b08cffae1d724ba50f14f79b23c59adf2697 \
    --hash=sha256:a7aaa0823870a5678e5ee5a5e8ba08ed1cb3c480b789754fb74e8d3b86fa600e
    # via dissect-target
dissect-extfs==3.15 \
    --hash=sha256:60d15704546119bc5467065c8b287403e8a70f14553a787cdceee9a08c223184 \
    --hash=sha256:9c67e64552eedc58ecbbdda82287a6c8fbf8b29d99a7b55073d838233d6dfcab
dissect-hypervisor==3.21 \
    --hash=sha256:5adc89a137c636b420200246f471dc2277a01924ed851a803ca7bb8b764a13c2 \
    --hash=sha256:fd845a3e7bc20efca575d4cfbb49a21ca53e8d89efb8afeec180de8a6b62fd2f
    # via dissect-target
dissect-ntfs==3.16 \
    --hash=sha256:35625b3adae0ce6b0db16bbbd04179b92537816fa7e7135bb7d4ddd2fc530243 \
    --hash=sha256:ce93136796aa9471f3aa28855b4b3c3e8132f9f97bc17a2f5494e0a660c190dd
    # via dissect-target
dissect-regf==3.14 \
    --hash=sha256:0df90d4e68453dae1e75a50bd343d84ffc413f4e65d527c05f657b7ea9f30f33 \
    --hash=sha256:e9d9c0cd53a780ded1507bfe2e80c86820b6f12d6f8d4f3839d5e0a96e3fe7bc
    # via dissect-target
dissect-target==3.25.1 \
    --hash=sha256:4e066c4b8361527b82dd1ebb0050e5225ee0f69d74dd120070d1fd88cc3380f4 \
    --hash=sha256:adeb71ee9e9c1012f070abfd47ad68f9341577ed45305ec0b717c94bb16795be
dissect-util==3.24 \
    --hash=sha256:031f91d7523818a3aced4d17594996bcc39bc4d93ffacc0b15a7b718c9b437cb \
    --hash=sha256:04eb91a3173e402ed52a35be27ef66b9764087c063e318108a79ae17bc139226 \
    --hash=sha256:057fa13c667c15ba86395b3987a444affcd46d7ae90ad2e5fe7cbffed9de65e0 \
    --hash=sha256:2813265732db4c98585b8d0882147c464af4da7208b97ec99654b99a7ed84a2d \
    --hash=sha256:42da8fa2569f961a313870e3fa74e33cc48116df20fd33e362db9a9de1ea43cb \
    --hash=sha256:56ae08decaf4112d7fa9b9a575e5203b6dc85d9efe9a56d74ba34e0c2878c575 \
    --hash=sha256:5bc368d495afeb867b8bf5711f752bd023ae22334b474b375f5ac9a326fea89c \
    --hash=sha256:63157c377866bad0079d8e3eeb3de1de56b02df3538929ea383509335b970f84 \
    --hash=sha256:740946195032f446ff216423cb870f78704a4579399c8d8d6558f046faae92f6 \
    --hash=sha256:8ee31bc01fad8eca110de7866b467f6d3429f2296f57356a216beb45c4486891 \
    --hash=sha256:c480e02a07c6c51a8fb29d24fbf4a155b4eb874c803741cd8b28321cc6415a2a \
    --hash=sha256:dab4b300e740e9f012f20f9ac2dee4923a18b2b1f57a34eb0669d1a670683e9b \
    --hash=sha256:df4130e896201c44e6b3d8ec1c022b586915abaedd1552f9c1b878bd343ae696 \
    --hash=sha256:edca81239873a3bd6b5f0a702fc0fde453e9b3c2cce37f2c166cdd5e235ccd20 \
    --hash=sha256:ef4830cfbcaccc23c71247c91ced4d1919ae32649d5a3a7a2f86fdf374979edc
    # via
    #   dissect-database
    #   dissect-eventlog
    #   dissect-evidence
    #   dissect-extfs
    #   dissect-hypervisor
    #   dissect-ntfs
    #   dissect-regf
    #   dissect-target
    #   dissect-volume
    #   dissect-xfs
dissect-volume==3.18 \
    --hash=sha256:79647740f1a4ba360afa9f3f77620ed016b0026a44386b3cdc31fddcf0142d9c \
    --hash=sha256:f8f321adccacbd948c503cf14a14d4a6626d1b86ddcbe55c532b59caad833d79
    # via dissect-target
dissect-xfs==3.13 \
    --hash=sha256:3b9f1594792286eebdfa0a37c7bf2d76414a27d952ef963ea4266c7c9fee6d1f \
    --hash=sha256:4804678cf92df1d27428917ae31de30e399df9678ec9f2dd4d70382b78666073
distro==1.9.0 \
    --hash=sha256:2fa77c6fd8940f116ee1d6b94a2f90b13b5ea8d019b98bc8bafdcabcdd9bdbed \
    --hash=sha256:7bffd925d65168f85027d8da9af6bddab658135b840670a223589bc0c8ef02b2
    # via langsmith
fastapi==0.141.1 \
    --hash=sha256:bfb91aa2d334c61cb35ba9a116fc123b3d3df31640b801cf57a7a78ec3f603b3 \
    --hash=sha256:e8822fc40db1e1858054d7a949a888695bc9bdce70139178e33bd2871a453ca1
    # via evidence-frontier
flow-record==3.21 \
    --hash=sha256:09a2259001827553fbd81ed9ab382758a1d188906a21f62a5bce276be5f178a9 \
    --hash=sha256:18ea7d7e67cd3f53327ab4bbe2e922d8d8861587208d1255b04bc1385f328d76
    # via dissect-target
h11==0.16.0 \
    --hash=sha256:4e35b956cf45792e4caa5885e69fba00bdbc6ffafbfa020300e549b208ee5ff1 \
    --hash=sha256:63cf8bbe7522de3bf65932fda1d9c2772064ffb3dae62d55932da54b31cb6c86
    # via
    #   httpcore
    #   httpcore2
    #   uvicorn
httpcore==1.0.9 \
    --hash=sha256:2d400746a40668fc9dec9810239072b40b4484b640a8c38fd654a024c7a1bf55 \
    --hash=sha256:6e34463af53fd2ab5d807f399a9b45ea31c3dfa2276f15a2c3f00afff6e176e8
    # via httpx
httpcore2==2.12.0 ; sys_platform != 'emscripten' \
    --hash=sha256:7e04258ce01013d7d615e5b910a3b27fac937d7a95038227e79652b4ba3b4ceb \
    --hash=sha256:9293522bba0aa7c4c8e9e3f040c16575bd8868e155a77fa30c7a9085a5eae648
    # via httpx2
httpx==0.28.1 \
    --hash=sha256:75e98c5f16b0f35b567856f597f06ff2270a374470a5c2392242528e3e3e42fc \
    --hash=sha256:d909fcccc110f8c7faf814ca82a9a4d816bc5a6dbfea25d6591d6985b8ba59ad
    # via
    #   evidence-frontier
    #   langchain-core
    #   langgraph-sdk
httpx2==2.12.0 \
    --hash=sha256:7631fe9887a8a2275f4a2540e053aa670fcc50742864a9ae7c66e609fdcf12cf \
    --hash=sha256:cc8b6eecb8661c146b8f89a60e97456ee086e91a784ed31ac450c3a9e613dd36
    # via langsmith
httpx2-jsfetch==1.0 ; sys_platform == 'emscripten' \
    --hash=sha256:70a0e3eabfef7cce5ad9c629f7d01ca05e418f586646f4ddf14782e4c1454c60 \
    --hash=sha256:cb916b707601e69a07721aabc8f3f6659be3a6893bc1ff5c6f9e02241df2da32
    # via httpx2
idna==3.19 \
    --hash=sha256:5e0811a4383b21dc5838069f801c4fb62113b7447663d2530d2bd6e77b49bf15 \
    --hash=sha256:815e7be7a7806d54abb586dc943addc79e8b2ee16915059658cbeff4b1b43bf4
    # via
    #   anyio
    #   httpx
    #   httpx2
    #   requests
jinja2==3.1.6 \
    --hash=sha256:0137fb05990d35f1275a587e9aee6d56da821fc83491a0fb838183be43f66d6d \
    --hash=sha256:85ece4451f492d0c13c5dd7c13a64681a86afae63a5f347908daf103ce6d2f67
    # via evidence-frontier
jsonpatch==1.33 \
    --hash=sha256:0ae28c0cd062bbd8b8ecc26d7d164fbbea9652a1a3693f3b956c1eae5145dade \
    --hash=sha256:9fcd4009c41e6d12348b4a0ff2563ba56a2923a7dfee731d004e212e1ee5030c
    # via langchain-core
jsonpointer==3.1.1 \
    --hash=sha256:0b801c7db33a904024f6004d526dcc53bbb8a4a0f4e32bfd10beadf60adf1900 \
    --hash=sha256:8ff8b95779d071ba472cf5bc913028df06031797532f08a7d5b602d8b2a488ca
    # via jsonpatch
langchain-core==1.6.3 \
    --hash=sha256:114fe1868c9ed60606662b9dd0074bf3152cc6b0b1522ba37cbd6b04f55ca77d \
    --hash=sha256:88b430944fbd4d40fa98135d6c873581d497b6f33515d01962337548e918df2f
    # via
    #   langgraph
    #   langgraph-checkpoint
    #   langgraph-prebuilt
    #   langgraph-sdk
langchain-protocol==0.0.19 \
    --hash=sha256:4cdf879a492a35980fd859ae792d3c65458ccaae504e183c9a10d7eac1f0720f \
    --hash=sha256:79d90a1425122ac87e8052e2ec054fbd09c3edbf341bdfb6397112a495c7bf8c
    # via
    #   langchain-core
    #   langgraph-sdk
langgraph==1.2.11 \
    --hash=sha256:8bab70de7b2d00b5300fb289bcf38d8b241400f3184c1e95e8ce706fb0e8686b \
    --hash=sha256:9ecfe11e50d338b34b15cf4d8a442642de103e8ae6971320efba84e4542eb363
    # via evidence-frontier
langgraph-checkpoint==4.2.0 \
    --hash=sha256:0547fd228935a0b758865de3a3d6d7a2537c308895d0f9ab092ce9151b5da942 \
    --hash=sha256:51a593b6bee684b0818e5d6e58e28ab340c6db7794575056ce7bd1b746a84ed7
    # via
    #   langgraph
    #   langgraph-checkpoint-sqlite
    #   langgraph-prebuilt
langgraph-checkpoint-sqlite==3.1.1 \
    --hash=sha256:6fcb20db4c37ef7aad52f29b539eb98c38e2dad6fab7c2446a2a9db24f37a70e \
    --hash=sha256:8505c54c94a658080525d7e6780fdd4e0c078ff2566b30d399c02cc9f9af1c63
    # via evidence-frontier
langgraph-prebuilt==1.1.0 \
    --hash=sha256:3c579cf6eed2d17f9c157c2d0fcaddcd8688524e7022d3b22b37a3bf4589d528 \
    --hash=sha256:51e311747d755b751d5c6b39b0c1446124d3a7643d2515017e6714b323508fc9
    # via langgraph
langgraph-sdk==0.4.4 \
    --hash=sha256:39afe416c91742925e6f8a93715f566d499b36e1b636b804a4ffe3190e4f4e64 \
    --hash=sha256:4e651ffa09de695681579396375377bdde23bedbc8e35b070e615cbd5af7da8b
    # via langgraph
langsmith==0.12.4 \
    --hash=sha256:b2edaa49baeec0c7347a84ca0f755039dcff9e9e52f0b9dc26423ec2a98a4dab \
    --hash=sha256:f486435323eeb0c525087cc694f0b7cd92e255f340db08db643204c789f4f1c4
    # via langchain-core
markupsafe==3.0.3 \
    --hash=sha256:116bb52f642a37c115f517494ea5feb03889e04df47eeff5b130b1808ce7c219 \
    --hash=sha256:12c63dfb4a98206f045aa9563db46507995f7ef6d83b2f68eda65c307c6829eb \
    --hash=sha256:133a43e73a802c5562be9bbcd03d090aa5a1fe899db609c29e8c8d815c5f6de6 \
    --hash=sha256:1872df69a4de6aead3491198eaf13810b565bdbeec3ae2dc8780f14458ec73ce \
    --hash=sha256:1b4b79e8ebf6b55351f0d91fe80f893b4743f104bff22e90697db1590e47a218 \
    --hash=sha256:218551f6df4868a8d527e3062d0fb968682fe92054e89978594c28e642c43a73 \
    --hash=sha256:26a5784ded40c9e318cfc2bdb30fe164bdb8665ded9cd64d500a34fb42067b1c \
    --hash=sha256:3524b778fe5cfb3452a09d31e7b5adefeea8c5be1d43c4f810ba09f2ceb29d37 \
    --hash=sha256:35add3b638a5d900e807944a078b51922212fb3dedb01633a8defc4b01a3c85f \
    --hash=sha256:3a7e8ae81ae39e62a41ec302f972ba6ae23a5c5396c8e60113e9066ef893da0d \
    --hash=sha256:4e885a3d1efa2eadc93c894a21770e4bc67899e3543680313b09f139e149ab19 \
    --hash=sha256:509fa21c6deb7a7a273d629cf5ec029bc209d1a51178615ddf718f5918992ab9 \
    --hash=sha256:69c0b73548bc525c8cb9a251cddf1931d1db4d2258e9599c28c07ef3580ef354 \
    --hash=sha256:722695808f4b6457b320fdc131280796bdceb04ab50fe1795cd540799ebe1698 \
    --hash=sha256:77f0643abe7495da77fb436f50f8dab76dbc6e5fd25d39589a0f1fe6548bfa2b \
    --hash=sha256:795e7751525cae078558e679d646ae45574b47ed6e7771863fcc079a6171a0fc \
    --hash=sha256:7e68f88e5b8799aa49c85cd116c932a1ac15caaa3f5db09087854d218359e485 \
    --hash=sha256:83891d0e9fb81a825d9a6d61e3f07550ca70a076484292a70fde82c4b807286f \
    --hash=sha256:8485f406a96febb5140bfeca44a73e3ce5116b2501ac54fe953e488fb1d03b12 \
    --hash=sha256:8709b08f4a89aa7586de0aadc8da56180242ee0ada3999749b183aa23df95025 \
    --hash=sha256:8f71bc33915be5186016f675cd83a1e08523649b0e33efdb898db577ef5bb009 \
    --hash=sha256:94c6f0bb423f739146aec64595853541634bde58b2135f27f61c1ffd1cd4d16a \
    --hash=sha256:9a1abfdc021a164803f4d485104931fb8f8c1efd55bc6b748d2f5774e78b62c5 \
    --hash=sha256:9b79b7a16f7fedff2495d684f2b59b0457c3b493778c9eed31111be64d58279f \
    --hash=sha256:a4afe79fb3de0b7097d81da19090f4df4f8d3a2b3adaa8764138aac2e44f3af1 \
    --hash=sha256:ad2cf8aa28b8c020ab2fc8287b0f823d0a7d8630784c31e9ee5edea20f406287 \
    --hash=sha256:b8512a91625c9b3da6f127803b166b629725e68af71f8184ae7e7d54686a56d6 \
    --hash=sha256:bdd37121970bfd8be76c5fb069c7751683bdf373db1ed6c010162b2a130248ed \
    --hash=sha256:be8813b57049a7dc738189df53d69395eba14fb99345e0a5994914a3864c8a4b \
    --hash=sha256:ccfcd093f13f0f0b7fdd0f198b90053bf7b2f02a3927a30e63f3ccc9df56b676 \
    --hash=sha256:d53197da72cc091b024dd97249dfc7794d6a56530370992a5e1a08983ad9230e \
    --hash=sha256:d6dd0be5b5b189d31db7cda48b91d7e0a9795f31430b7f271219ab30f1d3ac9d \
    --hash=sha256:d88b440e37a16e651bda4c7c2b930eb586fd15ca7406cb39e211fcff3bf3017d \
    --hash=sha256:e1cf1972137e83c5d4c136c43ced9ac51d0e124706ee1c8aa8532c1287fa8795
    # via jinja2
msgpack==1.2.2 \
    --hash=sha256:0a652ceeededf71d3fa40c303a02a149d42338d310162367b91c539d4bd6e0a3 \
    --hash=sha256:0e3315de5a4b2920ccef48d96b4448025e064a10d0f5a250f6584477d839c8d4 \
    --hash=sha256:0e91332144f69bc3018c91232fac26da580ef748fb8eaddd7914d4458001cc4f \
    --hash=sha256:1814f92306ae7862908e9ece7cfd90e0dc87ded3e89b6ae7ffdd1175d6376fdc \
    --hash=sha256:1e8cdd1f3e7cc52c751092a9bf740e81e6919ab109cd376ae2d965dad0bbae34 \
    --hash=sha256:34e83e345194a2a51d8bd447dea9de2104f91e75b247f4735f14f04529f0746b \
    --hash=sha256:3e915d390d7068b257ca8b62f3fc59fad135c8631d1017ab03b0b924b07c5367 \
    --hash=sha256:4a4348705be86e029d04e741cf9ed0dfe03e942d7d3b92e838fa80d3aa2c3ebc \
    --hash=sha256:4b554d8164ebb526892194f71dcd96ef1fefe0c250087498785d3ffc04a80be3 \
    --hash=sha256:4d9a562aec0a92fe536da2e533d313b3d2a6b929157b1dec7ff623446dc0a8ab \
    --hash=sha256:59d5b93efa45fd09f620d0c9ba81cde339a2c9937af3eea42ee9653094ce6640 \
    --hash=sha256:682804bf31e43d46e51a9a33bd575b51e839d715ce6bd5612c055f7b28ad637b \
    --hash=sha256:77c2e018417dc1d66f235e383877ee885b60ade9d29e494dd581e08af2cb1923 \
    --hash=sha256:8b2a281b556f120a43e591ea39915741b7ad54d4727b9c4350a0a11692252533 \
    --hash=sha256:90986cc9aab9d7d1d8f38bcbf65d3f7ac83bdd90c35765db7d691b4829698cba \
    --hash=sha256:9b659d77f8726fa5e7038967dda6b68d53cf34472c094cfa5b845454713b90d5 \
    --hash=sha256:9eb0b0e602064527a045ea28c4f174ed69383587e29cebe28947e3b84106eb2a \
    --hash=sha256:a4161eee7799863aee237c35c90427861f7b994416dd81ae829f560b0a81bdcd \
    --hash=sha256:b07c03f0da7e5279170df7745ddc732d526c8a198208936ec1a95c11ed2b2d5f \
    --hash=sha256:b68614fba0570349833b7dd999ff0aed4e5cc8d9eb6e3a7d4527be33c65e33d3 \
    --hash=sha256:c522420d78db2431887d45b518e304d86e27b9ad0b30f24e3806a6ad5d8bdbfc \
    --hash=sha256:d13d07efbf655f9ae7a2352b630c52727b359005b21ba08a507585c9ac8c0896 \
    --hash=sha256:d24b38a825bcca41bb956de50eb98451ef291304a8607fad99e619043d3e79b9
    # via flow-record
orjson==3.12.0 \
    --hash=sha256:010811c1b69773450a01cef97727a67b223242f350b77d4ca000e59a9ef2155a \
    --hash=sha256:1192a7021b6d071aaf909864f6e924d6a2675ca360485b972b8401749311750b \
    --hash=sha256:11edb4660a6680abee9788a3a9072208a2c96538cc1322bd79542065229d8e54 \
    --hash=sha256:1c680706fc8396d95e7c4c1f9482563f552137aef91b57237a3ad5aaf64629df \
    --hash=sha256:2d3a9da945a4d96ae758fdaaca56742e6b73b6fd554c5d8876f252a6dad70b83 \
    --hash=sha256:2eb5c56e534127b2b8fa38d2363c8b1b8190367ee0d1d16c041517d880843b94 \
    --hash=sha256:532ff8cd4bd59a327a953a7dcde922c7fc25b85e29721bb8633265430d3a3873 \
    --hash=sha256:53c0c474a9d9aff9aebfc0c88de1f28f843d940e6e3a80729abdf6a20274356f \
    --hash=sha256:5a0fdbc216388f653d3752ff310e710f59253bd4ed6a2bfb3f4f06b84714bbd8 \
    --hash=sha256:644d005bc82f917337a95ce270c9f6f92f9834c2bed7b1477572f8db00784222 \
    --hash=sha256:6a31348d7dfa64cd9c78bd1f510ff44c48fe64d71094e6b90e364dba3b55949e \
    --hash=sha256:784106539f4b9d4b930e0b4eb8d45168507dae001945e71b4675a367f1e5e806 \
    --hash=sha256:83445adc40cba26d6d621185a45128ce455b766af368cad2ab64b970603a7978 \
    --hash=sha256:92ffc09e07233a6ab6d4e067f7841edcbcc134cb4812155cf171ea5255a421d7 \
    --hash=sha256:9a36ec60f1796f9a3f13e3b98390295e17a1c7c10155b448d264098bf9ee5900 \
    --hash=sha256:a6cf4b18e7de173f209f2084ffbd736dd72389a396326ee80a7022168be232e5 \
    --hash=sha256:aa3e43a6846e91d7bde3d5a9c66090fcd8744f569a9b6cffc5e1ca38f6a461c0 \
    --hash=sha256:ad0422b92d5195443a39f80c3bcf731cc2e00f153bd32063a47b73b057bd0f03 \
    --hash=sha256:ad29eece0c601737f2a60edc2752a84e7a0785df3efb62e3012834700a5afe0d \
    --hash=sha256:b85931be5b6763c31283805c9bdaae1ca03ad9f6f12a15f1cbf6745b907932c2 \
    --hash=sha256:bf44e374aadde77b1f6109f1030be51433eb61984379852766b6f4e187db7b1e \
    --hash=sha256:d14203fb1aae2ad9b3d52f8a0e82aeb10197ef1c9bc61da7f358bd70b00123d5 \
    --hash=sha256:d8e78d3d93705e3d27cc17cdb209e44d7a8ea203010cac6ce9c7ffc1ae1996f1
    # via
    #   langgraph-sdk
    #   langsmith
ormsgpack==1.12.2 \
    --hash=sha256:0b39e629fd2e1c5b2f46f99778450b59454d1f901bc507963168985e79f09c5d \
    --hash=sha256:21f4276caca5c03a818041d637e4019bc84f9d6ca8baa5ea03e5cc8bf56140e9 \
    --hash=sha256:29a9f17a3dac6054c0dce7925e0f4995c727f7c41859adf9b5572180f640d172 \
    --hash=sha256:39c1bd2092880e413902910388be8715f70b9f15f20779d44e673033a6146f2d \
    --hash=sha256:50b7249244382209877deedeee838aef1542f3d0fc28b8fe71ca9d7e1896a0d7 \
    --hash=sha256:58d379d72b6c5e964851c77cfedfb386e474adee4fd39791c2c5d9efb53505cc \
    --hash=sha256:5af04800d844451cf102a59c74a841324868d3f1625c296a06cc655c542a6685 \
    --hash=sha256:5ea60cb5f210b1cfbad8c002948d73447508e629ec375acb82910e3efa8ff355 \
    --hash=sha256:7a29d09b64b9694b588ff2f80e9826bdceb3a2b91523c5beae1fab27d5c940e7 \
    --hash=sha256:8463a3fc5f09832e67bdb0e2fda6d518dc4281b133166146a67f54c08496442e \
    --hash=sha256:944a2233640273bee67521795a73cf1e959538e0dfb7ac635505010455e53b33 \
    --hash=sha256:958dcb270d30a7cb633a45ee62b9444433fa571a752d2ca484efdac07480876e \
    --hash=sha256:baca4b6773d20a82e36d6fd25f341064244f9f86a13dead95dd7d7f996f51709 \
    --hash=sha256:cec70477d4371cd524534cd16472d8b9cc187e0e3043a8790545a9a9b296c258 \
    --hash=sha256:d024b40828f1dde5654faebd0d824f9cc29ad46891f626272dd5bfd7af2333a4 \
    --hash=sha256:da538c542bac7d1c8f3f2a937863dba36f013108ce63e55745941dda4b75dbb6 \
    --hash=sha256:eddffb77eff0bad4e67547d67a130604e7e2dfbb7b0cde0796045be4090f35c6 \
    --hash=sha256:f3601f19afdbea273ed70b06495e5794606a8b690a568d6c996a90d7255e51c1 \
    --hash=sha256:fcd55e5f6ba0dbce624942adf9f152062135f991a0126064889f68eb850de0dd
    # via langgraph-checkpoint
packaging==26.3 \
    --hash=sha256:94edc256424af38762eb31306eed28beb9f0efc50a8837492c9d6fd6004aed79 \
    --hash=sha256:d7193f7c8e4e93f444fde0262bf90af30e16fa0ad0ad44cb553c87339b23cd1c
    # via
    #   langchain-core
    #   langsmith
pydantic==2.13.5 \
    --hash=sha256:346a034f080da3755d8e9cb5e00e8b07de1d39e4f6e2c87d8ab7cafa0b269a73 \
    --hash=sha256:51a9c5f7b2f8e636f04c6cada605d9b6a3bf1348fdf945a3d8869b19bba0ee08
    # via
    #   evidence-frontier
    #   fastapi
    #   langchain-core
    #   langgraph
    #   langsmith
pydantic-core==2.46.5 \
    --hash=sha256:013d6f3483d81e02e7c328831808f336c8596ee33b4bd4026b9ffb1e960b8942 \
    --hash=sha256:0fc5be0abd4a407e200d844b404e33639a554e7bd0d448e7b9ae181be4789ac2 \
    --hash=sha256:10416c15b8839ecc4ef4d0885da76da6fd0f67333a0eb8aff6d93c4b8f2910fc \
    --hash=sha256:15f4a94963c95accac15b7b657bb177d3ad82bb90b0d0526d9a9b85079925db5 \
    --hash=sha256:18a09e1e1011b462f2e32774f25859ef1223d5c2b0546a633cf56654710721e0 \
    --hash=sha256:193375f3548919d3f0b60936ca113ada3e38f264f91b9b8e0508efaad57be931 \
    --hash=sha256:24922243639cbdac66c75fcb6fd6495a9cb52b213d62f9a0d16f0310b1ff8038 \
    --hash=sha256:2bc9419666990c06d7397831f2126a1ecc3594aaa3ff7de5bf2d066802f4e07b \
    --hash=sha256:347ec774390c87326a2e4929d58d3f7e8763a104d5d35f4cd595a4c952366433 \
    --hash=sha256:4fdc8b93a41521988916eeaa271173fcca7fa0803d62f87675aac8dcec1c8e29 \
    --hash=sha256:5cb482e9e84c851f4e623fe4acc1ced89168cf1fe18f7089db4548c8f5bbb65b \
    --hash=sha256:5e81740c09e310f5aa5cbd3e434a01c154d4bef93241c7877b39f211d2b78ba8 \
    --hash=sha256:5ee239d575f80b08eca11f6e20f90c4c695de7825c67eefe6091fbf20dda648e \
    --hash=sha256:6f7b393a8b3da82f5c1fc0751e6d01ac6c55b93c18226a60bdfba4a724efafd1 \
    --hash=sha256:79bdfa52f843137045b2d081cc05c120ba6665d29b7559c2c47690906f39279f \
    --hash=sha256:7ac031912d54f3d83ef3b3eb98dfabc1608802e2202263d25957eeed40b94761 \
    --hash=sha256:816ff0a6550ffc06c098ccd2e0698600f9aa7da192a79eaa6f9af504a35db869 \
    --hash=sha256:837b396ca3d7b74091ca623f6cbd8351bd42d670a79c2683e79fb089f06a2de5 \
    --hash=sha256:8e24d8f05fa2d28513d94e877e9c75ad66175376209b3977f916e240e623193c \
    --hash=sha256:97bf8de4d541598c94a59344eeb988a94c08ff76b5723c41f6567ec18c7892ea \
    --hash=sha256:9c4b71f10dd532fb7a5cbc8f58707779e64f03a258c2bf8bfbaecfcd9970b519 \
    --hash=sha256:a39ac25a9a2fa4072efdb429833c4a4c8009a51ff9eea3eeae131713cd27991e \
    --hash=sha256:b7ca9034437b6022f941f4857459562ee00a560b97e7cce8a0ec5a74fc6766e0 \
    --hash=sha256:b98134087d9de723658d17a42c7d0da8d6e2ef08015dee7dc93889047315f5e4 \
    --hash=sha256:b9fe6fb92520e3fd61f2e49000b6911b188824f089b75973ea06d6267f0b476d \
    --hash=sha256:c76fe65e607be28c7fd4d56fc3c42b1583aa058ce3408b7ad0fd540171d31f9f \
    --hash=sha256:c7ea57fc63aa7da93a1bd2d644e6577befae10c52c4e36377635eea1056a74f5 \
    --hash=sha256:d22a945598fb91236b4dd793a6e42e4f3dd7740bb5aace5ebd7d4c08d13bb575 \
    --hash=sha256:d925f3d9afd05a8c0fb3a1031463a8d59ebe5e2afad297e29c78be19e13b4e62 \
    --hash=sha256:e652ab17569c94bff5475520f907b7148b8c24036a8ebbe5cf7cf7493d28579a \
    --hash=sha256:e80675d75ae2cd14372cb65cad5400d9347a3d3f6c13000183f22dfd027283ed \
    --hash=sha256:e9c134bb666dd54b778b9fc0d2b50cbb7f979b9e3716f26a88c9ab3b6fc1dd0f \
    --hash=sha256:efd62a42486f1bda5d24cb4f63d15a3c7768375fe83d36f9417b4ad7a2fb20b3 \
    --hash=sha256:f332f0e72a5a0400141f830744e141bf9f97917878dbe968669e8a7fefea78ff \
    --hash=sha256:f7b0ec93a2893de856652154d73b7ba622f26fa97726487dcac373de5f4c6084
    # via pydantic
pyelftools==0.33 \
    --hash=sha256:660d82dcbeb8e83d1702bd97f223f761625da06111c0cc988eac6b8ab0c1b61f \
    --hash=sha256:f215ad5f47d3f1373a21496a6c9e0707c622840d0622f23ff7ce08678b020036
pyyaml==6.0.3 \
    --hash=sha256:0f29edc409a6392443abf94b9cf89ce99889a1dd5376d94316ae5145dfedd5d6 \
    --hash=sha256:2283a07e2c21a2aa78d9c4442724ec1eb15f5e42a723b99cb3d822d48f5f7ad1 \
    --hash=sha256:41715c910c881bc081f1e8872880d3c650acf13dfa8214bad49ed4cede7c34ea \
    --hash=sha256:5498cd1645aa724a7c71c8f378eb29ebe23da2fc0d7a08071d89469bf1d2defb \
    --hash=sha256:5fcd34e47f6e0b794d17de1b4ff496c00986e1c83f7ab2fb8fcfe9616ff7477b \
    --hash=sha256:5fdec68f91a0c6739b380c83b951e2c72ac0197ace422360e6d5a959d8d97b2c \
    --hash=sha256:64386e5e707d03a7e172c0701abfb7e10f0fb753ee1d773128192742712a98fd \
    --hash=sha256:79005a0d97d5ddabfeeea4cf676af11e647e41d81c9a7722a193022accdb6b7c \
    --hash=sha256:7f047e29dcae44602496db43be01ad42fc6f1cc0d8cd6c83d342306c32270196 \
    --hash=sha256:8da9669d359f02c0b91ccc01cac4a67f16afec0dac22c2ad09f46bee0697eba8 \
    --hash=sha256:8dc52c23056b9ddd46818a57b78404882310fb473d63f17b07d5c40421e47f8e \
    --hash=sha256:9149cad251584d5fb4981be1ecde53a1ca46c891a79788c0df828d2f166bda28 \
    --hash=sha256:96b533f0e99f6579b3d4d4995707cf36df9100d67e0c8303a0c55b27b5f99bc5 \
    --hash=sha256:a33284e20b78bd4a18c8c2282d549d10bc8408a2a7ff57653c0cf0b9be0afce5 \
    --hash=sha256:ba1cc08a7ccde2d2ec775841541641e4548226580ab850948cbfda66a1befcdc \
    --hash=sha256:d0eae10f8159e8fdad514efdc92d74fd8d682c933a6dd088030f3834bc8e6b26 \
    --hash=sha256:d76623373421df22fb4cf8817020cbb7ef15c725b9d5e45f17e189bfc384190f \
    --hash=sha256:eda16858a3cab07b80edaf74336ece1f986ba330fdb8ee0d6c0d68fe82bc96be \
    --hash=sha256:ee2922902c45ae8ccada2c5b501ab86c36525b883eff4255313a253a3160861c \
    --hash=sha256:f7057c9a337546edc7973c0d3ba84ddcdf0daa14533c2065749c9075001090e6 \
    --hash=sha256:fc09d0aa354569bc501d4e787133afc08552722d3ab34836a80547331bb5d4a0
    # via
    #   evidence-frontier
    #   langchain-core
requests==2.34.2 \
    --hash=sha256:2a0d60c172f83ac6ab31e4554906c0f3b3588d37b5cb939b1c061f4907e278e0 \
    --hash=sha256:f288924cae4e29463698d6d60bc6a4da69c89185ad1e0bcc4104f584e960b9ed
    # via
    #   langsmith
    #   requests-toolbelt
requests-toolbelt==1.0.0 \
    --hash=sha256:7681a0a3d047012b5bdc0ee37d7f8f07ebe76ab08caeccfc3921ce23c88d5bc6 \
    --hash=sha256:cccfdd665f0a24fcf4726e690f65639d272bb0637b9b92dfd91a5568ccf6bd06
    # via langsmith
sniffio==1.3.1 \
    --hash=sha256:2f6da418d1f1e0fddd844478f41680e794e6051915791a034ff65e5f100525a2 \
    --hash=sha256:f4324edc670a0f49750a81b895f35c3adb843cca46f0530f79fc1babb23789dc
    # via langsmith
sqlite-vec==0.1.9 \
    --hash=sha256:1515727990b49e79bcaf75fdee2ffc7d461f8b66905013231251f1c8938e7786 \
    --hash=sha256:1b62a7f0a060d9475575d4e599bbf94a13d85af896bc1ce86ee80d1b5b48e5fb \
    --hash=sha256:1d52e30513bae4cc9778ddbf6145610434081be4c3afe57cd877893bad9f6b6c \
    --hash=sha256:4a28dc12fa4b53d7b1dced22da2488fade444e96b5d16fd2d698cd670675cf32 \
    --hash=sha256:4e921e592f24a5f9a18f590b6ddd530eb637e2d474e3b1972f9bbeb773aa3cb9
    # via langgraph-checkpoint-sqlite
starlette==1.6.0 \
    --hash=sha256:a86dd39d14bb45f85a3d18525215a9ef0cfd1f192ac793220e72598c90335f0c \
    --hash=sha256:d4e3ac5e546444960c710297a3c9fc3f7ebae1b7e963f3d36173b49da535be9b
    # via fastapi
structlog==26.1.0 \
    --hash=sha256:e081a26d6c373e6d201eca24eede26d8ffab07f88f477822e679183428d3d91e \
    --hash=sha256:f63a716cbd1b1291cf7661de7794b455acfa4c43c5bcf1630e6ad5ddc1adb3b7
    # via dissect-target
tenacity==9.1.4 \
    --hash=sha256:6095a360c919085f28c6527de529e76a06ad89b23659fa881ae0649b867a9d55 \
    --hash=sha256:adb31d4c263f2bd041081ab33b498309a57c77f9acf2db65aadf0898179cf93a
    # via langchain-core
truststore==0.10.4 ; sys_platform != 'emscripten' \
    --hash=sha256:9d91bd436463ad5e4ee4aba766628dd6cd7010cf3e2461756b3303710eebc301 \
    --hash=sha256:adaeaecf1cbb5f4de3b1959b42d41f6fab57b2b1666adb59e89cb0b53361d981
    # via
    #   httpcore2
    #   httpx2
typing-extensions==4.16.0 \
    --hash=sha256:481caa481374e813c1b176ada14e97f1f67a4539ce9cfeb3f350d78d6370c2e8 \
    --hash=sha256:dc983d19a509c94dba722ee6abd33940f7c05a89e243c47e907eb4db6f1a43e5
    # via
    #   anyio
    #   fastapi
    #   httpx2
    #   langchain-core
    #   langchain-protocol
    #   langsmith
    #   pydantic
    #   pydantic-core
    #   starlette
    #   typing-inspection
typing-inspection==0.4.4 \
    --hash=sha256:547274fa6b0a561ccf549cc9524b999a578e737d015d8709d021f9d0d13bea47 \
    --hash=sha256:65b8397ba37ccbce054456aaccddfc91e6e3083c92824df348d96ca832f3f147
    # via
    #   fastapi
    #   pydantic
tzdata==2026.4 ; sys_platform == 'win32' \
    --hash=sha256:c2169a8b0a7a5e9674da5a135ccdfb2b3e671b333ed9fed17b41f73c34476e81 \
    --hash=sha256:f1b8bd365d8d210c55353f4d7f8d6d8561c0ba50d704b700d195a9424bba0d79
    # via flow-record
urllib3==2.7.0 \
    --hash=sha256:231e0ec3b63ceb14667c67be60f2f2c40a518cb38b03af60abc813da26505f4c \
    --hash=sha256:9fb4c81ebbb1ce9531cce37674bbc6f1360472bc18ca9a553ede278ef7276897
    # via requests
uuid-utils==0.17.1 \
    --hash=sha256:01d9209d6fed20226af0d29b95c5e253a1907b61f1a00153187ac5412f1df9b6 \
    --hash=sha256:0721f05b4f10cc7d49d91be65524a3bc6e6a5d88be054cdca05dff487a022091 \
    --hash=sha256:10c51d54ecdf0617640e505eae6d2e6443d8e414d4f9d6e8d43949a450c56e6b \
    --hash=sha256:1cf7a837c3467f69ba3ef32caa43b1c5f5a462b7d960bcc59083459aed2b4202 \
    --hash=sha256:33fa18507488c4dbde9a3969b6483183d934dbf7a7d46aba90bd5d664d4c81ea \
    --hash=sha256:3ca89347a01ddac94727578369feacc0969d9fc033b2c17ff7919121ee441e2f \
    --hash=sha256:3d6ccaebaa3b2ff2e59d11d70c64e97ba572120162a00c25d6f8e5e0c1004b9a \
    --hash=sha256:4cdcb565ac4d8a005833e7c389867977e19670f1bee6ee9f8811872b86225274 \
    --hash=sha256:4f04ba62482858a975d1d38cbb5ade181faae59e8ddc1499eacc9b6b6def3115 \
    --hash=sha256:55e2cec52e2c78d94277d4c990badd3ce97f5746d05029e63d81fb2433bc9684 \
    --hash=sha256:586a93993769873c389d38bd9a70c51e228e734e8f78742d959610509635b86b \
    --hash=sha256:61378863a5e9410fa6e816364442b9d35cccf94fa83e3f67997d0ff57d901d0e \
    --hash=sha256:66ce3e84067261b2721dde6539427f4eb9286289769332ff07c859a661f87694 \
    --hash=sha256:71f7ec7a1b54c1f84d6f8fd4e1110a66b3d1b936dbb17cda2927442621fc1e3d \
    --hash=sha256:7558c84414785d6ea54a186a3c68267eb8f33e2a0d792698bd9fa50d62150f77 \
    --hash=sha256:7a93b046552730b843e9d8784691cf8b0b3d5430dd9d053ade33383ccb2574ff \
    --hash=sha256:7a9537e7afe2cd8851e636789124bcc26ff1d671906c5e56f6e8f293fa477ec2 \
    --hash=sha256:7b296b67bf880085daa11ee496d385b941a3bf3e3d5691db7178d21f18f56f9b \
    --hash=sha256:7e32ff7bd0fe4fdefce1d95f8f673a9b012286a7f40918ed1c08936d565aac4a \
    --hash=sha256:a0a276738fafcfd63e6a0af944ffb8fb86448fe4cedcf574dd7df1ca13259e22 \
    --hash=sha256:a140db8866a45b1ce40d91164ff48d2722ffc3b2a39bfdb412bd770c7ea88be3 \
    --hash=sha256:a4f6b05598d0d29e8851b7668786b7cf105c98887c7ca36dac94c61321d16cb1 \
    --hash=sha256:a550b3963960012ff3266bdb3079abf4cc3f6363201e63a649d5d3cd44fe52cd \
    --hash=sha256:cd347022f67f7fbbd6939181ab076cd17a1d856e09a160eb87e245e692cc5742 \
    --hash=sha256:cd8043ac6d81b3f3f0dff22247866292c819e0d5e54a5a3ad2223f86f88dbd97 \
    --hash=sha256:d0d847fb9b46b5c208f3b8d5ca6082a4ac819ec2ffe36de3548c489e8fa551bd \
    --hash=sha256:d45f93f362d39f63ba14bbd9e4e1dd89fbed4de9bbef6bb428a379bd86571da2 \
    --hash=sha256:de996e58b77d3e6eeee1a209ce93f424a5f021aa8b2879df6d35eda601acc831 \
    --hash=sha256:f9f9f6835ab3163818156022c627eda60c38c874b369642b249b483384021743 \
    --hash=sha256:fa1a1c9a72ef9757176c069f7bd8014b7f4abf5f9930ec62b883dc864ba28092
    # via
    #   langchain-core
    #   langsmith
uvicorn==0.52.4 \
    --hash=sha256:73acfee47a0b133c5de13d219492d62d8a31e935f4fe6e41a232451a15379f86 \
    --hash=sha256:f86e41a149d7d05a9969337e3946a9c171c06a5d42680896daaba624aeac8da1
    # via evidence-frontier
websockets==16.1.1 \
    --hash=sha256:01fbdcbac298efe19360b94bc0039c8f746f0220ba570f327577bfee81059175 \
    --hash=sha256:024193f8551a2b0eafbdd160911012c4e6c228c28430c84433253299a9e42d6a \
    --hash=sha256:0f62863e8a00a6d33c3d6566ec0b89f23787b747ffe0c3bc71ec0e76b82c94b1 \
    --hash=sha256:1d27fa8462ad6a1cb36206a3d0640b2333340def181fae11ed7f9adeaa5c0747 \
    --hash=sha256:1db4de4a0e95673f7545d393c49eeb0c2f18ac1ef93073218c79d5cdb2ee75ab \
    --hash=sha256:2a636ff1e7a5c4edf71ef0e79adae7f25dba93b4fcbe3dc958733477ffeb0eaf \
    --hash=sha256:2bb5d041a8307d2e18782e7ce777f6fdb1e8c2f5d09291484b18c294b789d9aa \
    --hash=sha256:42290eb6db4ccaca7012656738214f8514082fb6fa40cdeb61bb9a471b52e383 \
    --hash=sha256:496af849a472b531f758dbd4d61338f5000538cb1a7b3d20d9d32a264517f509 \
    --hash=sha256:4b57693728576d84ede0a77987ab16881b783d2cd9f1dc180a8fbbc3f79c4428 \
    --hash=sha256:4e3b680b1e0a27457e727a0d572fd81dffa87b6dbf8b228ab57da64f7d85aead \
    --hash=sha256:5283810d2646741a0d8da2aa733d6aefa0545809afccb2a5d105a26bc45125f1 \
    --hash=sha256:53260c8930da5771cec89439bff99c20c8cb03ddb9588b980697355a83cd4bd3 \
    --hash=sha256:54509b8e92fee4453e152b7558ddef37ce9705a044922f2095a6105e3f80c96f \
    --hash=sha256:5e3b7d601f6f84156b08cc4a5e541c2b50ad7b36cfc302b657a12477c904a5df \
    --hash=sha256:69159730a823dde3ea8d08783e8d47ef135a6d7e8d44eb127e32b321c9db8e3e \
    --hash=sha256:6abbd3e82c731c8e531714466acd5d87b5e88ac3243465337ba71d68e23ae7e3 \
    --hash=sha256:79eace538c6a97e96d0d03d4f9d314f9677f5ed85a8a984992ffd90b13cb8a56 \
    --hash=sha256:8087e82f842609734c9b5a1330464f8e94e346ba0e18c832c08bafa4b0d63c15 \
    --hash=sha256:a28fcbc9b6baf54a2e23f8655f308e4ccc6afdd7266f8fe7954f320dcda0f785 \
    --hash=sha256:aabe464bfd13bd25f4821faf111da6fefdc389f870265a53105580e45b0a2e49 \
    --hash=sha256:ab59169ace05dcb49a1d4118f0bde139557adf45091bd85747e36bf5de984dd1 \
    --hash=sha256:b436f6ec4fc3a6b4237c84d3f83170ed2b40bb584222f0ac47a0c8a5921980c7 \
    --hash=sha256:bae954c382e013d5ea5b190d2830526bfa45ad121c326da0049b8c769f185db6 \
    --hash=sha256:cc97814dfb786a83b6e2dc2e79351e1b83e6d715647d6887fcabd83026417a00 \
    --hash=sha256:cd2ca96a082a36964aca83e992f72abeb61b7306c1a6cba4c7d06a7b93750cac \
    --hash=sha256:cfb70b4eb56cac4da0a83588f3ad50d46beb0690391082f3d4e2d488c70b68ea \
    --hash=sha256:d6bec75c290fe484a8ba4cacdf838501e17c06ecfbbf31eede81a9e431bd7751 \
    --hash=sha256:d9531d9cbeac99af6f038fb1bc351403531f7d634a2c2e10e2f7c854c6ed5b68 \
    --hash=sha256:db234eda965dcce15df96bb9709f587cd87d4d52aaf0e80e2f34ec04c7670c57 \
    --hash=sha256:e047dc87ef7ca50f4d309bf775ad4a71711c58556d75d7bd0604b2317f43e94b \
    --hash=sha256:e09f753a169951eb4f28c2c774f71069304f66e7277e0f5a2892423599cfa854 \
    --hash=sha256:ed5bb271084b46530ee2ddc0410537a9961152c5ccba2fc98c5276d992ccba87 \
    --hash=sha256:f0aa4aad3b1b69ad3fd85a0fd0952ec64331c762bd77ec51cc814170873890b2 \
    --hash=sha256:f17dbe07eb3ea7f99e4df9b7e0efefe80fbf30d37a8cc4d561a0aed310bc8847 \
    --hash=sha256:f5d497865f05bb222cab7016c6034542e84e5f29f49c6fd3f4939cda7197b5b8
    # via
    #   langgraph-sdk
    #   langsmith
xxhash==4.0.1 \
    --hash=sha256:0163b5d259de23ae9e07b7eabf435ce4704f6f205589a2b154e6af4be985ce1b \
    --hash=sha256:06713a5aaf1d0905c5579416c020c02e42b3ceb931e86c7d3b7fb85403dee3f3 \
    --hash=sha256:08ed8da18cd4fd0a6a5d6a444852d8fbd0e565388a74a4937085451b5f1a312a \
    --hash=sha256:1216f7ba5683f17a89eb7dcb4bc50a0b743dfe1902278d7b3d0786f538118433 \
    --hash=sha256:1642907941ee4b75aacc3db688af52ea02ca2305ab22af7ee686ed726b332684 \
    --hash=sha256:1749f0688020209fe0d357ce1e1cd9ec9c6161ed0405ea949d24581c4c43fa91 \
    --hash=sha256:1b3cccf75eeb5b01639b2feadb042a8e07889293b7ca72fa2985e7dcb64763cf \
    --hash=sha256:1ee523f51718e41753f04f7102bb4dc55a18d2ea5cbaceef8ec7ca08571bd428 \
    --hash=sha256:1f3346c5c287ac3c7f38b20380f55e8768230e7252af59fabcf3b87ab21e4256 \
    --hash=sha256:237b8f63a2a0fcfb1ffc06e21dad23add44e6d354b2b014364a1d41e419a4dee \
    --hash=sha256:247ece770647c0aef080561fa996f9774b4dadce2d0c42eeb98229db7dcf820d \
    --hash=sha256:31d86f9e81f3e84e00131ac7c54caf5119ae4ddd82c09c31cff597c813ce1ee2 \
    --hash=sha256:41e579025a6e13a99e6d71e39c9cfc621a0dcdbbf19106325e145fa858f2d794 \
    --hash=sha256:4751f1d7eecae6b2d2a773630f1a7248f125c9a92a456694d03c15bceffc9d68 \
    --hash=sha256:4a76345f5aceb4ec404918edf9c7f2b5507db864dc0d7455982009ac0890b57b \
    --hash=sha256:4af350bc3f329970c0e3a59af84a8a30998bf8a9167eb50cd48e59baaa1d7bec \
    --hash=sha256:4e5141543c7f7fe3087500bbb4ac2845cb528a980aa91f8f1e661e2292ff4a5d \
    --hash=sha256:4f5e5c6df4b703afcbe9352d238a51efd97c3b91fdc3a2052e40fdacb1e7505f \
    --hash=sha256:515a822c73abbf6a0b7c70976d9662be342835c9d78b8dc7c023411f39c35dbc \
    --hash=sha256:5b7875ac1a2edcb691f27642b8b94b904baa6bcecb7d79c72df2228ba8cb5c51 \
    --hash=sha256:5c2d525a3afabcd8e3549d85fc7e111fde6bc302d06a1893fe73adb79823415e \
    --hash=sha256:5f1ea31d61bcd2cd2f3ec4ca80a64187bbd7948f490b63cf0dcbc6e717b4c1e9 \
    --hash=sha256:74379a577a9f3b6afbdedf1b90e5c7764467051977f18a326d7d607336d743bd \
    --hash=sha256:74a164e8b63f1e9cf35c9a7809d082b033d1a00e7375d5d814415436e7867e57 \
    --hash=sha256:7c343ee174d417a44d0c3355602c0cbbfa52a04d1bbbf1723378c7d2c8f60626 \
    --hash=sha256:81507a68ba84c55241fb61cce1469f473a5da4205fc8ef6f698e5948eea8dd88 \
    --hash=sha256:86b2b12bec60c678ed8f5cca0258ad93a8928ebddb6ca7732f0875afe1451d1a \
    --hash=sha256:87aa309a93bd5ec13f14309a305ff4e9bf74c5363fc46c264c0a22edfd5b0670 \
    --hash=sha256:8ba782ca3bf1e81492611152b9a0d5264971339e95e34d69de0ac2c926be496d \
    --hash=sha256:8c9fe122444e129881afd1d4d1c7ac0d3ce2d91b68c2b40173b6025ff1c31f9a \
    --hash=sha256:94ac8a6b8c47951173f0b67bf862bcb971bf24e493b9fbbdb0e010cbbc7d9f54 \
    --hash=sha256:96d8de55029d42251945531f6aa7590c32b48163c66a43bf29d8657d7446a377 \
    --hash=sha256:97b94fb29abf21f5f0bde15f7dbdd3a4aa2dc59f37026adc7b4bee8563b84375 \
    --hash=sha256:9a51b061d54cda8b83e62c44458bfbf0dabbef9b975dd9649952ba5076b9f349 \
    --hash=sha256:a33de7633c948ab2dc144af370a66e7e7af29b425dcd0f7e4f59689fb9391b53 \
    --hash=sha256:a4553d36cc0b7fce1f35ba8a94dfd775aa3ed12f5eab2dc3b46ac75a0706b0bb \
    --hash=sha256:acb31ecdd1a97fab5cd39a84ee9f515e727d319f796fec48703b8339b9998360 \
    --hash=sha256:acf52474b2494ef66dc7e0fb6d5e2b50c18313039ad4d275fbf9f9907c804bc5 \
    --hash=sha256:c10b9206753b64aa791b35b201485477525b26fdec5bf86e8364c388a03e2592 \
    --hash=sha256:c6fc415b5568bd9accc7187f1729a99707330c0a67a8b9f93c1149ed573ed75d \
    --hash=sha256:cba763d84b06bda2c38d5185dee76f1b9dfdc0789e96e476d9e10005526d0788 \
    --hash=sha256:cd878d32f5c6cbce9783f8d6897561fb772211edba9dde49d85672b88ed45276 \
    --hash=sha256:d54b8ae068af532c8cdf56abb9e09a60fbe7b10792444c9c27987bb6d3b450fa \
    --hash=sha256:d55bf4ef10eb09b8b6866790e083d26d087d84caa3cc0946ba87c3ca7ecaf7b7 \
    --hash=sha256:da0264844a09b538c894e5eff25313d941deb4dedec2131b98418a71a3c9944e \
    --hash=sha256:deca2a30d983d240b8375ec2ee0a4288e72042827fc61df2f7671f8467e4cb2f \
    --hash=sha256:e8cda075b10bb3917b002c74a04f9e02b7d13b5bf732571404d51c52b11c7329 \
    --hash=sha256:f09ee747e2a5f876cc5ad56947734811828335e13b403dd8ea1e06d77a9dd48d \
    --hash=sha256:f3e1a44af01b6692de0ec6caba5f0bf93ceb36896e02b7fc00952c6ea7ef39e1 \
    --hash=sha256:f5d031f35962e5483a613214e61f09fe24ab523062c3646d592dc16c4a217451 \
    --hash=sha256:ff48915bf1871a1f19f74c11834c6329443d306cedc0c05fe7fe617810422a80
    # via
    #   langgraph
    #   langsmith
yara-python==4.5.4 \
    --hash=sha256:0b9de86fbe8a646c0644df9e1396d6941dc6ed0f89be2807e6c52ab39161fd9f \
    --hash=sha256:1f238f10d26e4701559f73a69b22e1e192a6fa20abdd76f57a7054566780aa89 \
    --hash=sha256:30fc7959394532c6e3f48faf59337f5da124f1630668258276b6cfa54e555a6e \
    --hash=sha256:4537f8499d166d22a54739f440fb306f65b0438be2c6c4ecb2352ecb5adb5f1c \
    --hash=sha256:473c52b53c39d5daedc1912bd8a82a1c88702a3e393688879d77f9ff5f396543 \
    --hash=sha256:4c682170f3d5cb3a73aa1bd0dc9ab1c0957437b937b7a83ff6d7ffd366415b9c \
    --hash=sha256:5f1288448991d63c1f6351c9f6d112916b0177ceefaa27d1419427a6ff09f829 \
    --hash=sha256:7707b144c8fcdb30c069ea57b94799cd7601f694ba01b696bbd1832721f37fd0 \
    --hash=sha256:92b233aae320ee9e59728ee23f9faf4a423ae407d4768b47c8f0e472a34dbae2 \
    --hash=sha256:93f5f5aba88e2ed2aaebfbb697433a0c8020c6a6c6a711e900a29e9b512d5c3a \
    --hash=sha256:94e290d5035be23059d0475bff3eac8228acd51145bf0cabe355b1ddabab742b \
    --hash=sha256:973f0bc24470ac86b6009baf2800ad3eadfa4ab653b6546ba5c65e9239850f47 \
    --hash=sha256:9d9a58b7dc87411a2443d2e0382a111bd892aef9f6db2a1ebb4a9215eef0db71 \
    --hash=sha256:a3c7bc8cd0db5fb87ab579c755de83723030522f3c0cd5b3374044055a8ce6c6 \
    --hash=sha256:ab5133a16e466db6fe9c1a08d1b171013507896175010fb85fc1b92da32e558c \
    --hash=sha256:ade234700c492bce0efda96c1cdcd763425016e40df4a8d30c4c4e6897be5ace \
    --hash=sha256:bf14a8af06b2b980a889bdc3f9e8ccd6e703d2b3fa1c98da5fd3a1c3b551eb47 \
    --hash=sha256:cb0f0e7183165426b09e2b1235e70909e540ac18e2c6be96070dfe17d7db4d78 \
    --hash=sha256:d12e57101683e9270738a1bccf676747f93e86b5bc529e7a7fb7adf94f20bd77 \
    --hash=sha256:d29d0e137e0d77dd110186369276e88381f784bdc45b5932a2fb3463e2a1b1c7 \
    --hash=sha256:e1dedd149be61992781f085b592d169d1d813f9b5ffc7c8c2b74e429b443414c \
    --hash=sha256:e5eae935b05a9f8dc71df55a79c38f52abd93f8840310fe4e0d75fbd78284f24 \
    --hash=sha256:e6d8c2acaf33931338fdb78aba8a68462b0151d833b2eeda712db87713ac2abf \
    --hash=sha256:e7d0039d734705b123494acad7a00b67df171dd5b1c16ff7b18ff07578efd4cd \
    --hash=sha256:fe8ad189843c729eae74be3b8447a4753fac2cebe705e5e2a7280badfcc7e3b4
zstandard==0.25.0 \
    --hash=sha256:011d388c76b11a0c165374ce660ce2c8efa8e5d87f34996aa80f9c0816698b64 \
    --hash=sha256:0be7622c37c183406f3dbf0cba104118eb16a4ea7359eeb5752f0794882fc250 \
    --hash=sha256:10ef2a79ab8e2974e2075fb984e5b9806c64134810fac21576f0668e7ea19f8f \
    --hash=sha256:1673b7199bbe763365b81a4f3252b8e80f44c9e323fc42940dc8843bfeaf9851 \
    --hash=sha256:172de1f06947577d3a3005416977cce6168f2261284c02080e7ad0185faeced3 \
    --hash=sha256:181eb40e0b6a29b3cd2849f825e0fa34397f649170673d385f3598ae17cca2e9 \
    --hash=sha256:1869da9571d5e94a85a5e8d57e4e8807b175c9e4a6294e3b66fa4efb074d90f6 \
    --hash=sha256:1f830a0dac88719af0ae43b8b2d6aef487d437036468ef3c2ea59c51f9d55fd5 \
    --hash=sha256:23ebc8f17a03133b4426bcc04aabd68f8236eb78c3760f12783385171b0fd8bd \
    --hash=sha256:3a39c94ad7866160a4a46d772e43311a743c316942037671beb264e395bdd611 \
    --hash=sha256:3c83b0188c852a47cd13ef3bf9209fb0a77fa5374958b8c53aaa699398c6bd7b \
    --hash=sha256:457ed498fc58cdc12fc48f7950e02740d4f7ae9493dd4ab2168a47c93c31298e \
    --hash=sha256:474d2596a2dbc241a556e965fb76002c1ce655445e4e3bf38e5477d413165ffa \
    --hash=sha256:4f187a0bb61b35119d1926aee039524d1f93aaf38a9916b8c4b78ac8514a0aaf \
    --hash=sha256:5a56ba0db2d244117ed744dfa8f6f5b366e14148e00de44723413b2f3938a902 \
    --hash=sha256:5f5e4c2a23ca271c218ac025bd7d635597048b366d6f31f420aaeb715239fc98 \
    --hash=sha256:6a573a35693e03cf1d67799fd01b50ff578515a8aeadd4595d2a7fa9f3ec002a \
    --hash=sha256:6dffecc361d079bb48d7caef5d673c88c8988d3d33fb74ab95b7ee6da42652ea \
    --hash=sha256:7030defa83eef3e51ff26f0b7bfb229f0204b66fe18e04359ce3474ac33cbc09 \
    --hash=sha256:7149623bba7fdf7e7f24312953bcf73cae103db8cae49f8154dd1eadc8a29ecb \
    --hash=sha256:7713e1179d162cf5c7906da876ec2ccb9c3a9dcbdffef0cc7f70c3667a205f0b \
    --hash=sha256:7b3c3a3ab9daa3eed242d6ecceead93aebbb8f5f84318d82cee643e019c4b73b \
    --hash=sha256:809c5bcb2c67cd0ed81e9229d227d4ca28f82d0f778fc5fea624a9def3963f91 \
    --hash=sha256:85304a43f4d513f5464ceb938aa02c1e78c2943b29f44a750b48b25ac999a049 \
    --hash=sha256:8e735494da3db08694d26480f1493ad2cf86e99bdd53e8e9771b2752a5c0246a \
    --hash=sha256:913cbd31a400febff93b564a23e17c3ed2d56c064006f54efec210d586171c00 \
    --hash=sha256:99c0c846e6e61718715a3c9437ccc625de26593fea60189567f0118dc9db7512 \
    --hash=sha256:a1a4ae2dec3993a32247995bdfe367fc3266da832d82f8438c8570f989753de1 \
    --hash=sha256:aaf21ba8fb76d102b696781bddaa0954b782536446083ae3fdaa6f16b25a1c4b \
    --hash=sha256:bfc4e20784722098822e3eee42b8e576b379ed72cca4a7cb856ae733e62192ea \
    --hash=sha256:e96594a5537722fdfb79951672a2a63aec5ebfb823e7560586f7484819f2a08f \
    --hash=sha256:ec996f12524f88e151c339688c3897194821d7f03081ab35d31d1e12ec975e94 \
    --hash=sha256:f27662e4f7dbf9f9c12391cb37b4c4c3cb90ffbd3b1fb9284dadbbb8935fa708 \
    --hash=sha256:fd7a5004eb1980d3cefe26b2685bcb0b17989901a70a1040d1ac86f1d898c551 \
    --hash=sha256:ffef5a74088f1e09947aecf91011136665152e0b4b359c42be3373897fb39b01
    # via langsmith
